
Microsoft Visual Studio Solution File, Format Version 12.00
# Visual Studio Version 17
VisualStudioVersion = 17.0.31919.166
MinimumVisualStudioVersion = 10.0.40219.1
Project("{8BC9CEB8-8B4A-11D0-8D11-00A0C91BC942}") = "ООП Задание 13.2", "ООП Задание 13.2.vcxproj", "{0DE4A31C-5F73-4FAF-9306-1E1C077FF0E8}"
EndProject
Global
	GlobalSection(SolutionConfigurationPlatforms) = preSolution
		Debug|x64 = Debug|x64
		Debug|x86 = Debug|x86
		Release|x64 = Release|x64
		Release|x86 = Release|x86
	EndGlobalSection
	GlobalSection(ProjectConfigurationPlatforms) = postSolution
		{0DE4A31C-5F73-4FAF-9306-1E1C077FF0E8}.Debug|x64.ActiveCfg = Debug|x64
		{0DE4A31C-5F73-4FAF-9306-1E1C077FF0E8}.Debug|x64.Build.0 = Debug|x64
		{0DE4A31C-5F73-4FAF-9306-1E1C077FF0E8}.Debug|x86.ActiveCfg = Debug|Win32
		{0DE4A31C-5F73-4FAF-9306-1E1C077FF0E8}.Debug|x86.Build.0 = Debug|Win32
		{0DE4A31C-5F73-4FAF-9306-1E1C077FF0E8}.Release|x64.ActiveCfg = Release|x64
		{0DE4A31C-5F73-4FAF-9306-1E1C077FF0E8}.Release|x64.Build.0 = Release|x64
		{0DE4A31C-5F73-4FAF-9306-1E1C077FF0E8}.Release|x86.ActiveCfg = Release|Win32
		{0DE4A31C-5F73-4FAF-9306-1E1C077FF0E8}.Release|x86.Build.0 = Release|Win32
	EndGlobalSection
	GlobalSection(SolutionProperties) = preSolution
		HideSolutionNode = FALSE
	EndGlobalSection
	GlobalSection(ExtensibilityGlobals) = postSolution
		SolutionGuid = {B8469643-013B-4805-AF45-4D601E5D32C3}
	EndGlobalSection
EndGlobal
